
Microsoft Visual Studio Solution File, Format Version 12.00
# Visual Studio Version 17
VisualStudioVersion = 17.13.35919.96 d17.13
MinimumVisualStudioVersion = 10.0.40219.1
Project("{8BC9CEB8-8B4A-11D0-8D11-00A0C91BC942}") = "L20250422_Homework", "L20250422_Homework.vcxproj", "{37476586-0B5F-4C5A-AA80-AEA0F91E4286}"
EndProject
Global
	GlobalSection(SolutionConfigurationPlatforms) = preSolution
		Debug|x64 = Debug|x64
		Debug|x86 = Debug|x86
		Release|x64 = Release|x64
		Release|x86 = Release|x86
	EndGlobalSection
	GlobalSection(ProjectConfigurationPlatforms) = postSolution
		{37476586-0B5F-4C5A-AA80-AEA0F91E4286}.Debug|x64.ActiveCfg = Debug|x64
		{37476586-0B5F-4C5A-AA80-AEA0F91E4286}.Debug|x64.Build.0 = Debug|x64
		{37476586-0B5F-4C5A-AA80-AEA0F91E4286}.Debug|x86.ActiveCfg = Debug|Win32
		{37476586-0B5F-4C5A-AA80-AEA0F91E4286}.Debug|x86.Build.0 = Debug|Win32
		{37476586-0B5F-4C5A-AA80-AEA0F91E4286}.Release|x64.ActiveCfg = Release|x64
		{37476586-0B5F-4C5A-AA80-AEA0F91E4286}.Release|x64.Build.0 = Release|x64
		{37476586-0B5F-4C5A-AA80-AEA0F91E4286}.Release|x86.ActiveCfg = Release|Win32
		{37476586-0B5F-4C5A-AA80-AEA0F91E4286}.Release|x86.Build.0 = Release|Win32
	EndGlobalSection
	GlobalSection(SolutionProperties) = preSolution
		HideSolutionNode = FALSE
	EndGlobalSection
	GlobalSection(ExtensibilityGlobals) = postSolution
		SolutionGuid = {81C2415B-8F91-4343-AD57-1469BB4A8AA4}
	EndGlobalSection
EndGlobal
